# This file is automatically @generated by Poetry 1.6.1 and should not be changed by hand.

[[package]]
name = "certifi"
version = "2023.7.22"
description = "Python package for providing Mozilla's CA Bundle."
optional = false
python-versions = ">=3.6"
files = [
    {file = "certifi-2023.7.22-py3-none-any.whl", hash = "sha256:92d6037539857d8206b8f6ae472e8b77db8058fec5937a1ef3f54304089edbb9"},
    {file = "certifi-2023.7.22.tar.gz", hash = "sha256:539cc1d13202e33ca466e88b2807e29f4c13049d6d87031a3c110744495cb082"},
]

[[package]]
name = "chardet"
version = "3.0.4"
description = "Universal encoding detector for Python 2 and 3"
optional = false
python-versions = "*"
files = [
    {file = "chardet-3.0.4-py2.py3-none-any.whl", hash = "sha256:fc323ffcaeaed0e0a02bf4d117757b98aed530d9ed4531e3e15460124c106691"},
    {file = "chardet-3.0.4.tar.gz", hash = "sha256:84ab92ed1c4d4f16916e05906b6b75a6c0fb5db821cc65e70cbd64a3e2a5eaae"},
]

[[package]]
name = "decorator"
version = "5.1.1"
description = "Decorators for Humans"
optional = false
python-versions = ">=3.5"
files = [
    {file = "decorator-5.1.1-py3-none-any.whl", hash = "sha256:b8c3f85900b9dc423225913c5aace94729fe1fa9763b38939a95226f02d37186"},
    {file = "decorator-5.1.1.tar.gz", hash = "sha256:637996211036b6385ef91435e4fae22989472f9d571faba8927ba8253acbc330"},
]

[[package]]
name = "filelock"
version = "3.12.4"
description = "A platform independent file lock."
optional = false
python-versions = ">=3.8"
files = [
    {file = "filelock-3.12.4-py3-none-any.whl", hash = "sha256:08c21d87ded6e2b9da6728c3dff51baf1dcecf973b768ef35bcbc3447edb9ad4"},
    {file = "filelock-3.12.4.tar.gz", hash = "sha256:2e6f249f1f3654291606e046b09f1fd5eac39b360664c27f5aad072012f8bcbd"},
]

[package.extras]
docs = ["furo (>=2023.7.26)", "sphinx (>=7.1.2)", "sphinx-autodoc-typehints (>=1.24)"]
testing = ["covdefaults (>=2.3)", "coverage (>=7.3)", "diff-cover (>=7.7)", "pytest (>=7.4)", "pytest-cov (>=4.1)", "pytest-mock (>=3.11.1)", "pytest-timeout (>=2.1)"]
typing = ["typing-extensions (>=4.7.1)"]

[[package]]
name = "html5lib"
version = "1.1"
description = "HTML parser based on the WHATWG HTML specification"
optional = false
python-versions = ">=2.7, !=3.0.*, !=3.1.*, !=3.2.*, !=3.3.*, !=3.4.*"
files = [
    {file = "html5lib-1.1-py2.py3-none-any.whl", hash = "sha256:0d78f8fde1c230e99fe37986a60526d7049ed4bf8a9fadbad5f00e22e58e041d"},
    {file = "html5lib-1.1.tar.gz", hash = "sha256:b2e5b40261e20f354d198eae92afc10d750afb487ed5e50f9c4eaf07c184146f"},
]

[package.dependencies]
six = ">=1.9"
webencodings = "*"

[package.extras]
all = ["chardet (>=2.2)", "genshi", "lxml"]
chardet = ["chardet (>=2.2)"]
genshi = ["genshi"]
lxml = ["lxml"]

[[package]]
name = "idna"
version = "2.8"
description = "Internationalized Domain Names in Applications (IDNA)"
optional = false
python-versions = ">=2.7, !=3.0.*, !=3.1.*, !=3.2.*, !=3.3.*"
files = [
    {file = "idna-2.8-py2.py3-none-any.whl", hash = "sha256:ea8b7f6188e6fa117537c3df7da9fc686d485087abf6ac197f9c46432f7e4a3c"},
    {file = "idna-2.8.tar.gz", hash = "sha256:c357b3f628cf53ae2c4c05627ecc484553142ca23264e593d327bcde5e9c3407"},
]

[[package]]
name = "isodate"
version = "0.6.1"
description = "An ISO 8601 date/time/duration parser and formatter"
optional = false
python-versions = "*"
files = [
    {file = "isodate-0.6.1-py2.py3-none-any.whl", hash = "sha256:0751eece944162659049d35f4f549ed815792b38793f07cf73381c1c87cbed96"},
    {file = "isodate-0.6.1.tar.gz", hash = "sha256:48c5881de7e8b0a0d648cb024c8062dc84e7b840ed81e864c7614fd3c127bde9"},
]

[package.dependencies]
six = "*"

[[package]]
name = "itsdangerous"
version = "2.1.2"
description = "Safely pass data to untrusted environments and back."
optional = false
python-versions = ">=3.7"
files = [
    {file = "itsdangerous-2.1.2-py3-none-any.whl", hash = "sha256:2c2349112351b88699d8d4b6b075022c0808887cb7ad10069318a8b0bc88db44"},
    {file = "itsdangerous-2.1.2.tar.gz", hash = "sha256:5dbbc68b317e5e42f327f9021763545dc3fc3bfe22e6deb96aaf1fc38874156a"},
]

[[package]]
name = "networkx"
version = "2.5"
description = "Python package for creating and manipulating graphs and networks"
optional = false
python-versions = ">=3.6"
files = [
    {file = "networkx-2.5-py3-none-any.whl", hash = "sha256:8c5812e9f798d37c50570d15c4a69d5710a18d77bafc903ee9c5fba7454c616c"},
    {file = "networkx-2.5.tar.gz", hash = "sha256:7978955423fbc9639c10498878be59caf99b44dc304c2286162fd24b458c1602"},
]

[package.dependencies]
decorator = ">=4.3.0"

[package.extras]
all = ["lxml", "matplotlib", "numpy", "pandas", "pydot", "pygraphviz", "pytest", "pyyaml", "scipy"]
gdal = ["gdal"]
lxml = ["lxml"]
matplotlib = ["matplotlib"]
numpy = ["numpy"]
pandas = ["pandas"]
pydot = ["pydot"]
pygraphviz = ["pygraphviz"]
pytest = ["pytest"]
pyyaml = ["pyyaml"]
scipy = ["scipy"]

[[package]]
name = "oc-ocdm"
version = "7.3.1"
description = "Object mapping library for manipulating RDF graphs that are compliant with the OpenCitations datamodel."
optional = false
python-versions = ">=3.7.4,<4.0.0"
files = [
    {file = "oc_ocdm-7.3.1-py3-none-any.whl", hash = "sha256:3f60535e8038652e1a0a9d4975f74f7ea22da1a16393e2a2e2e12c77f9d3a25c"},
    {file = "oc_ocdm-7.3.1.tar.gz", hash = "sha256:f87f777bdf0941cf856866eb28bddfe927ba4c76694750c6e8391fca01684548"},
]

[package.dependencies]
filelock = ">=3.6.0,<4.0.0"
pyshacl = "0.23.0"
rdflib = ">=6.0.0,<7.0.0"
SPARQLWrapper = "2.0.0"

[[package]]
name = "owlrl"
version = "6.0.2"
description = "OWL-RL and RDFS based RDF Closure inferencing for Python"
optional = false
python-versions = "*"
files = [
    {file = "owlrl-6.0.2-py3-none-any.whl", hash = "sha256:57eca06b221edbbc682376c8d42e2ddffc99f61e82c0da02e26735592f08bacc"},
    {file = "owlrl-6.0.2.tar.gz", hash = "sha256:904e3310ff4df15101475776693d2427d1f8244ee9a6a9f9e13c3c57fae90b74"},
]

[package.dependencies]
rdflib = ">=6.0.2"

[[package]]
name = "packaging"
version = "23.2"
description = "Core utilities for Python packages"
optional = false
python-versions = ">=3.7"
files = [
    {file = "packaging-23.2-py3-none-any.whl", hash = "sha256:8c491190033a9af7e1d931d0b5dacc2ef47509b34dd0de67ed209b5203fc88c7"},
    {file = "packaging-23.2.tar.gz", hash = "sha256:048fb0e9405036518eaaf48a55953c750c11e1a1b68e0dd1a9d62ed0c092cfc5"},
]

[[package]]
name = "prettytable"
version = "2.5.0"
description = "A simple Python library for easily displaying tabular data in a visually appealing ASCII table format"
optional = false
python-versions = ">=3.6"
files = [
    {file = "prettytable-2.5.0-py3-none-any.whl", hash = "sha256:1411c65d21dca9eaa505ba1d041bed75a6d629ae22f5109a923f4e719cfecba4"},
    {file = "prettytable-2.5.0.tar.gz", hash = "sha256:f7da57ba63d55116d65e5acb147bfdfa60dceccabf0d607d6817ee2888a05f2c"},
]

[package.dependencies]
wcwidth = "*"

[package.extras]
tests = ["pytest", "pytest-cov", "pytest-lazy-fixture"]

[[package]]
name = "pyparsing"
version = "3.1.1"
description = "pyparsing module - Classes and methods to define and execute parsing grammars"
optional = false
python-versions = ">=3.6.8"
files = [
    {file = "pyparsing-3.1.1-py3-none-any.whl", hash = "sha256:32c7c0b711493c72ff18a981d24f28aaf9c1fb7ed5e9667c9e84e3db623bdbfb"},
    {file = "pyparsing-3.1.1.tar.gz", hash = "sha256:ede28a1a32462f5a9705e07aea48001a08f7cf81a021585011deba701581a0db"},
]

[package.extras]
diagrams = ["jinja2", "railroad-diagrams"]

[[package]]
name = "pyshacl"
version = "0.23.0"
description = "Python SHACL Validator"
optional = false
python-versions = ">=3.7.0,<4.0.0"
files = [
    {file = "pyshacl-0.23.0-py3-none-any.whl", hash = "sha256:5d77ab194d4333d6c2a3c409d096ac31e68f1ae0e22c3668b2a081e32256c738"},
    {file = "pyshacl-0.23.0.tar.gz", hash = "sha256:43a80bbf403176f8f37a22fbbe8d95ba5395cf755e378af1db3126e709819d2c"},
]

[package.dependencies]
html5lib = ">=1.1,<2"
owlrl = ">=6.0.2,<7"
packaging = ">=21.3"
prettytable = ">=2.2.1,<3.0.0"
rdflib = ">=6.3.2,<7"

[package.extras]
dev-coverage = ["coverage (>6.1,!=6.1.1,<7)", "platformdirs", "pytest-cov (>=2.8.1,<3.0.0)"]
dev-lint = ["black (==23.3.0)", "platformdirs", "ruff (>=0.0.267,<0.0.268)"]
dev-type-checking = ["mypy (>=0.800,<0.900)", "mypy (>=0.900,<0.1000)", "platformdirs", "types-setuptools"]
http = ["sanic (>=22.12,<23)", "sanic-cors (==2.2.0)", "sanic-ext (>=23.3,<23.6)"]
js = ["pyduktape2 (>=0.4.3,<0.5.0)"]

[[package]]
name = "python-levenshtein"
version = "0.12.2"
description = "Python extension for computing string edit distances and similarities."
optional = false
python-versions = "*"
files = [
    {file = "python-Levenshtein-0.12.2.tar.gz", hash = "sha256:dc2395fbd148a1ab31090dd113c366695934b9e85fe5a4b2a032745efd0346f6"},
]

[package.dependencies]
setuptools = "*"

[[package]]
name = "rdflib"
version = "6.3.2"
description = "RDFLib is a Python library for working with RDF, a simple yet powerful language for representing information."
optional = false
python-versions = ">=3.7,<4.0"
files = [
    {file = "rdflib-6.3.2-py3-none-any.whl", hash = "sha256:36b4e74a32aa1e4fa7b8719876fb192f19ecd45ff932ea5ebbd2e417a0247e63"},
    {file = "rdflib-6.3.2.tar.gz", hash = "sha256:72af591ff704f4caacea7ecc0c5a9056b8553e0489dd4f35a9bc52dbd41522e0"},
]

[package.dependencies]
isodate = ">=0.6.0,<0.7.0"
pyparsing = ">=2.1.0,<4"

[package.extras]
berkeleydb = ["berkeleydb (>=18.1.0,<19.0.0)"]
html = ["html5lib (>=1.0,<2.0)"]
lxml = ["lxml (>=4.3.0,<5.0.0)"]
networkx = ["networkx (>=2.0.0,<3.0.0)"]

[[package]]
name = "requests"
version = "2.22.0"
description = "Python HTTP for Humans."
optional = false
python-versions = ">=2.7, !=3.0.*, !=3.1.*, !=3.2.*, !=3.3.*, !=3.4.*"
files = [
    {file = "requests-2.22.0-py2.py3-none-any.whl", hash = "sha256:9cf5292fcd0f598c671cfc1e0d7d1a7f13bb8085e9a590f48c010551dc6c4b31"},
    {file = "requests-2.22.0.tar.gz", hash = "sha256:11e007a8a2aa0323f5a921e9e6a2d7e4e67d9877e85773fba9ba6419025cbeb4"},
]

[package.dependencies]
certifi = ">=2017.4.17"
chardet = ">=3.0.2,<3.1.0"
idna = ">=2.5,<2.9"
urllib3 = ">=1.21.1,<1.25.0 || >1.25.0,<1.25.1 || >1.25.1,<1.26"

[package.extras]
security = ["cryptography (>=1.3.4)", "idna (>=2.0.0)", "pyOpenSSL (>=0.14)"]
socks = ["PySocks (>=1.5.6,!=1.5.7)", "win-inet-pton"]

[[package]]
name = "requests-cache"
version = "0.6.0"
description = "Persistent cache for requests library"
optional = false
python-versions = "*"
files = [
    {file = "requests-cache-0.6.0.tar.gz", hash = "sha256:ba9b8b7893b15464d2bd35c40098c6f7561d77416068f15932ea9d223e1559ed"},
    {file = "requests_cache-0.6.0-py2.py3-none-any.whl", hash = "sha256:5d3c3cfe86b37d99ecbf0e338396044e92d7efed257d3925ca4bca2bb312dff4"},
]

[package.dependencies]
itsdangerous = "*"
requests = ">=2.0.0"
url-normalize = ">=1.4"

[package.extras]
backends = ["boto3", "pymongo", "redis"]
build = ["coveralls", "twine", "wheel"]
dev = ["Sphinx (>=3.5.3,<3.6.0)", "black (==20.8b1)", "boto3", "coveralls", "flake8", "flake8-comprehensions", "flake8-polyfill", "isort", "m2r2", "pre-commit", "psutil", "pymongo", "pytest (>=5.0)", "pytest-cov (>=2.11)", "pytest-xdist", "radon", "redis", "requests-mock (>=1.8)", "sphinx-autodoc-typehints", "sphinx-copybutton", "sphinx-rtd-theme (>=0.5.2,<0.6.0)", "sphinxcontrib-apidoc", "twine", "wheel"]
docs = ["Sphinx (>=3.5.3,<3.6.0)", "m2r2", "sphinx-autodoc-typehints", "sphinx-copybutton", "sphinx-rtd-theme (>=0.5.2,<0.6.0)", "sphinxcontrib-apidoc"]
test = ["black (==20.8b1)", "flake8", "flake8-comprehensions", "flake8-polyfill", "isort", "pre-commit", "psutil", "pytest (>=5.0)", "pytest-cov (>=2.11)", "pytest-xdist", "radon", "requests-mock (>=1.8)"]

[[package]]
name = "setuptools"
version = "68.2.2"
description = "Easily download, build, install, upgrade, and uninstall Python packages"
optional = false
python-versions = ">=3.8"
files = [
    {file = "setuptools-68.2.2-py3-none-any.whl", hash = "sha256:b454a35605876da60632df1a60f736524eb73cc47bbc9f3f1ef1b644de74fd2a"},
    {file = "setuptools-68.2.2.tar.gz", hash = "sha256:4ac1475276d2f1c48684874089fefcd83bd7162ddaafb81fac866ba0db282a87"},
]

[package.extras]
docs = ["furo", "jaraco.packaging (>=9.3)", "jaraco.tidelift (>=1.4)", "pygments-github-lexers (==0.0.5)", "rst.linker (>=1.9)", "sphinx (>=3.5)", "sphinx-favicon", "sphinx-hoverxref (<2)", "sphinx-inline-tabs", "sphinx-lint", "sphinx-notfound-page (>=1,<2)", "sphinx-reredirects", "sphinxcontrib-towncrier"]
testing = ["build[virtualenv]", "filelock (>=3.4.0)", "flake8-2020", "ini2toml[lite] (>=0.9)", "jaraco.develop (>=7.21)", "jaraco.envs (>=2.2)", "jaraco.path (>=3.2.0)", "pip (>=19.1)", "pytest (>=6)", "pytest-black (>=0.3.7)", "pytest-checkdocs (>=2.4)", "pytest-cov", "pytest-enabler (>=2.2)", "pytest-mypy (>=0.9.1)", "pytest-perf", "pytest-ruff", "pytest-timeout", "pytest-xdist", "tomli-w (>=1.0.0)", "virtualenv (>=13.0.0)", "wheel"]
testing-integration = ["build[virtualenv] (>=1.0.3)", "filelock (>=3.4.0)", "jaraco.envs (>=2.2)", "jaraco.path (>=3.2.0)", "packaging (>=23.1)", "pytest", "pytest-enabler", "pytest-xdist", "tomli", "virtualenv (>=13.0.0)", "wheel"]

[[package]]
name = "six"
version = "1.16.0"
description = "Python 2 and 3 compatibility utilities"
optional = false
python-versions = ">=2.7, !=3.0.*, !=3.1.*, !=3.2.*"
files = [
    {file = "six-1.16.0-py2.py3-none-any.whl", hash = "sha256:8abb2f1d86890a2dfb989f9a77cfcfd3e47c2a354b01111771326f8aa26e0254"},
    {file = "six-1.16.0.tar.gz", hash = "sha256:1e61c37477a1626458e36f7b1d82aa5c9b094fa4802892072e49de9c60c4c926"},
]

[[package]]
name = "sparqlwrapper"
version = "2.0.0"
description = "SPARQL Endpoint interface to Python"
optional = false
python-versions = ">=3.7"
files = [
    {file = "SPARQLWrapper-2.0.0-py3-none-any.whl", hash = "sha256:c99a7204fff676ee28e6acef327dc1ff8451c6f7217dcd8d49e8872f324a8a20"},
    {file = "SPARQLWrapper-2.0.0.tar.gz", hash = "sha256:3fed3ebcc77617a4a74d2644b86fd88e0f32e7f7003ac7b2b334c026201731f1"},
]

[package.dependencies]
rdflib = ">=6.1.1"

[package.extras]
dev = ["mypy (>=0.931)", "pandas (>=1.3.5)", "pandas-stubs (>=1.2.0.48)", "setuptools (>=3.7.1)"]
docs = ["sphinx (<5)", "sphinx-rtd-theme"]
keepalive = ["keepalive (>=0.5)"]
pandas = ["pandas (>=1.3.5)"]

[[package]]
name = "tqdm"
version = "4.47.0"
description = "Fast, Extensible Progress Meter"
optional = false
python-versions = ">=2.6, !=3.0.*, !=3.1.*"
files = [
    {file = "tqdm-4.47.0-py2.py3-none-any.whl", hash = "sha256:7810e627bcf9d983a99d9ff8a0c09674400fd2927eddabeadf153c14a2ec8656"},
    {file = "tqdm-4.47.0.tar.gz", hash = "sha256:63ef7a6d3eb39f80d6b36e4867566b3d8e5f1fe3d6cb50c5e9ede2b3198ba7b7"},
]

[package.extras]
dev = ["argopt", "py-make (>=0.1.0)", "pydoc-markdown", "twine"]

[[package]]
name = "url-normalize"
version = "1.4.3"
description = "URL normalization for Python"
optional = false
python-versions = ">=2.7, !=3.0.*, !=3.1.*, !=3.2.*, !=3.3.*, !=3.4.*, !=3.5.*"
files = [
    {file = "url-normalize-1.4.3.tar.gz", hash = "sha256:d23d3a070ac52a67b83a1c59a0e68f8608d1cd538783b401bc9de2c0fac999b2"},
    {file = "url_normalize-1.4.3-py2.py3-none-any.whl", hash = "sha256:ec3c301f04e5bb676d333a7fa162fa977ad2ca04b7e652bfc9fac4e405728eed"},
]

[package.dependencies]
six = "*"

[[package]]
name = "urllib3"
version = "1.25.11"
description = "HTTP library with thread-safe connection pooling, file post, and more."
optional = false
python-versions = ">=2.7, !=3.0.*, !=3.1.*, !=3.2.*, !=3.3.*, !=3.4.*, <4"
files = [
    {file = "urllib3-1.25.11-py2.py3-none-any.whl", hash = "sha256:f5321fbe4bf3fefa0efd0bfe7fb14e90909eb62a48ccda331726b4319897dd5e"},
    {file = "urllib3-1.25.11.tar.gz", hash = "sha256:8d7eaa5a82a1cac232164990f04874c594c9453ec55eef02eab885aa02fc17a2"},
]

[package.extras]
brotli = ["brotlipy (>=0.6.0)"]
secure = ["certifi", "cryptography (>=1.3.4)", "idna (>=2.0.0)", "ipaddress", "pyOpenSSL (>=0.14)"]
socks = ["PySocks (>=1.5.6,!=1.5.7,<2.0)"]

[[package]]
name = "wcwidth"
version = "0.2.8"
description = "Measures the displayed width of unicode strings in a terminal"
optional = false
python-versions = "*"
files = [
    {file = "wcwidth-0.2.8-py2.py3-none-any.whl", hash = "sha256:77f719e01648ed600dfa5402c347481c0992263b81a027344f3e1ba25493a704"},
    {file = "wcwidth-0.2.8.tar.gz", hash = "sha256:8705c569999ffbb4f6a87c6d1b80f324bd6db952f5eb0b95bc07517f4c1813d4"},
]

[[package]]
name = "webencodings"
version = "0.5.1"
description = "Character encoding aliases for legacy web content"
optional = false
python-versions = "*"
files = [
    {file = "webencodings-0.5.1-py2.py3-none-any.whl", hash = "sha256:a0af1213f3c2226497a97e2b3aa01a7e4bee4f403f95be16fc9acd2947514a78"},
    {file = "webencodings-0.5.1.tar.gz", hash = "sha256:b36a1c245f2d304965eb4e0a82848379241dc04b865afcc4aab16748587e1923"},
]

[metadata]
lock-version = "2.0"
python-versions = "^3.8"
content-hash = "340055324eceb16df7e7a6303cf143839ceb01f1d0b3f1a063b8bcd1a2f545cc"
